
Microsoft Visual Studio Solution File, Format Version 12.00
# Visual Studio Version 16
VisualStudioVersion = 16.0.30309.148
MinimumVisualStudioVersion = 10.0.40219.1
Project("{FAE04EC0-301F-11D3-BF4B-00C04F79EFBC}") = "Kame.Core", "Kame.Core\Kame.Core.csproj", "{347EEA92-8471-4F30-AA84-6D60C984CC7E}"
EndProject
Project("{FAE04EC0-301F-11D3-BF4B-00C04F79EFBC}") = "Kame.Prompt", "Kame.Prompt\Kame.Prompt.csproj", "{F08C8567-8E79-4BE2-877C-C1EB53301311}"
EndProject
Project("{FAE04EC0-301F-11D3-BF4B-00C04F79EFBC}") = "Kame.Desktop", "Kame.Desktop\Kame.Desktop.csproj", "{49B68C0D-561C-4462-BC9B-E7FE8D639CFC}"
EndProject
Project("{FAE04EC0-301F-11D3-BF4B-00C04F79EFBC}") = "Kame.Launcher", "Kame.Launcher\Kame.Launcher.csproj", "{C8223A33-75C3-459C-8224-987209E24007}"
EndProject
Project("{9A19103F-16F7-4668-BE54-9A1E7A4F7556}") = "Kame.Management.Api", "Kame.Management.Api\Kame.Management.Api.csproj", "{8541CD47-C01B-4DC7-A025-5DFD92E95139}"
EndProject
Project("{9A19103F-16F7-4668-BE54-9A1E7A4F7556}") = "Kame.Management.Core", "Kame.Management.Core\Kame.Management.Core.csproj", "{D08A0A29-7D32-43EF-A90C-60EF472DA208}"
EndProject
Project("{FAE04EC0-301F-11D3-BF4B-00C04F79EFBC}") = "Kame.Management.Desktop", "Kame.Management.Desktop\Kame.Management.Desktop.csproj", "{95303712-338D-41B2-9A99-E1A0BE5E6955}"
EndProject
Global
	GlobalSection(SolutionConfigurationPlatforms) = preSolution
		Debug|Any CPU = Debug|Any CPU
		Debug|Mixed Platforms = Debug|Mixed Platforms
		Debug|x86 = Debug|x86
		Release|Any CPU = Release|Any CPU
		Release|Mixed Platforms = Release|Mixed Platforms
		Release|x86 = Release|x86
	EndGlobalSection
	GlobalSection(ProjectConfigurationPlatforms) = postSolution
		{347EEA92-8471-4F30-AA84-6D60C984CC7E}.Debug|Any CPU.ActiveCfg = Debug|Any CPU
		{347EEA92-8471-4F30-AA84-6D60C984CC7E}.Debug|Any CPU.Build.0 = Debug|Any CPU
		{347EEA92-8471-4F30-AA84-6D60C984CC7E}.Debug|Mixed Platforms.ActiveCfg = Debug|Any CPU
		{347EEA92-8471-4F30-AA84-6D60C984CC7E}.Debug|Mixed Platforms.Build.0 = Debug|Any CPU
		{347EEA92-8471-4F30-AA84-6D60C984CC7E}.Debug|x86.ActiveCfg = Debug|Any CPU
		{347EEA92-8471-4F30-AA84-6D60C984CC7E}.Release|Any CPU.ActiveCfg = Release|Any CPU
		{347EEA92-8471-4F30-AA84-6D60C984CC7E}.Release|Any CPU.Build.0 = Release|Any CPU
		{347EEA92-8471-4F30-AA84-6D60C984CC7E}.Release|Mixed Platforms.ActiveCfg = Release|Any CPU
		{347EEA92-8471-4F30-AA84-6D60C984CC7E}.Release|Mixed Platforms.Build.0 = Release|Any CPU
		{347EEA92-8471-4F30-AA84-6D60C984CC7E}.Release|x86.ActiveCfg = Release|Any CPU
		{F08C8567-8E79-4BE2-877C-C1EB53301311}.Debug|Any CPU.ActiveCfg = Debug|x86
		{F08C8567-8E79-4BE2-877C-C1EB53301311}.Debug|Mixed Platforms.ActiveCfg = Debug|x86
		{F08C8567-8E79-4BE2-877C-C1EB53301311}.Debug|Mixed Platforms.Build.0 = Debug|x86
		{F08C8567-8E79-4BE2-877C-C1EB53301311}.Debug|x86.ActiveCfg = Debug|x86
		{F08C8567-8E79-4BE2-877C-C1EB53301311}.Debug|x86.Build.0 = Debug|x86
		{F08C8567-8E79-4BE2-877C-C1EB53301311}.Release|Any CPU.ActiveCfg = Release|x86
		{F08C8567-8E79-4BE2-877C-C1EB53301311}.Release|Mixed Platforms.ActiveCfg = Release|x86
		{F08C8567-8E79-4BE2-877C-C1EB53301311}.Release|Mixed Platforms.Build.0 = Release|x86
		{F08C8567-8E79-4BE2-877C-C1EB53301311}.Release|x86.ActiveCfg = Release|x86
		{F08C8567-8E79-4BE2-877C-C1EB53301311}.Release|x86.Build.0 = Release|x86
		{49B68C0D-561C-4462-BC9B-E7FE8D639CFC}.Debug|Any CPU.ActiveCfg = Debug|x86
		{49B68C0D-561C-4462-BC9B-E7FE8D639CFC}.Debug|Mixed Platforms.ActiveCfg = Debug|x86
		{49B68C0D-561C-4462-BC9B-E7FE8D639CFC}.Debug|Mixed Platforms.Build.0 = Debug|x86
		{49B68C0D-561C-4462-BC9B-E7FE8D639CFC}.Debug|x86.ActiveCfg = Debug|x86
		{49B68C0D-561C-4462-BC9B-E7FE8D639CFC}.Debug|x86.Build.0 = Debug|x86
		{49B68C0D-561C-4462-BC9B-E7FE8D639CFC}.Release|Any CPU.ActiveCfg = Release|x86
		{49B68C0D-561C-4462-BC9B-E7FE8D639CFC}.Release|Mixed Platforms.ActiveCfg = Release|x86
		{49B68C0D-561C-4462-BC9B-E7FE8D639CFC}.Release|Mixed Platforms.Build.0 = Release|x86
		{49B68C0D-561C-4462-BC9B-E7FE8D639CFC}.Release|x86.ActiveCfg = Release|x86
		{49B68C0D-561C-4462-BC9B-E7FE8D639CFC}.Release|x86.Build.0 = Release|x86
		{C8223A33-75C3-459C-8224-987209E24007}.Debug|Any CPU.ActiveCfg = Debug|x86
		{C8223A33-75C3-459C-8224-987209E24007}.Debug|Mixed Platforms.ActiveCfg = Debug|x86
		{C8223A33-75C3-459C-8224-987209E24007}.Debug|Mixed Platforms.Build.0 = Debug|x86
		{C8223A33-75C3-459C-8224-987209E24007}.Debug|x86.ActiveCfg = Debug|x86
		{C8223A33-75C3-459C-8224-987209E24007}.Debug|x86.Build.0 = Debug|x86
		{C8223A33-75C3-459C-8224-987209E24007}.Release|Any CPU.ActiveCfg = Release|x86
		{C8223A33-75C3-459C-8224-987209E24007}.Release|Mixed Platforms.ActiveCfg = Release|x86
		{C8223A33-75C3-459C-8224-987209E24007}.Release|Mixed Platforms.Build.0 = Release|x86
		{C8223A33-75C3-459C-8224-987209E24007}.Release|x86.ActiveCfg = Release|x86
		{C8223A33-75C3-459C-8224-987209E24007}.Release|x86.Build.0 = Release|x86
		{8541CD47-C01B-4DC7-A025-5DFD92E95139}.Debug|Any CPU.ActiveCfg = Debug|Any CPU
		{8541CD47-C01B-4DC7-A025-5DFD92E95139}.Debug|Any CPU.Build.0 = Debug|Any CPU
		{8541CD47-C01B-4DC7-A025-5DFD92E95139}.Debug|Mixed Platforms.ActiveCfg = Debug|Any CPU
		{8541CD47-C01B-4DC7-A025-5DFD92E95139}.Debug|Mixed Platforms.Build.0 = Debug|Any CPU
		{8541CD47-C01B-4DC7-A025-5DFD92E95139}.Debug|x86.ActiveCfg = Debug|Any CPU
		{8541CD47-C01B-4DC7-A025-5DFD92E95139}.Debug|x86.Build.0 = Debug|Any CPU
		{8541CD47-C01B-4DC7-A025-5DFD92E95139}.Release|Any CPU.ActiveCfg = Release|Any CPU
		{8541CD47-C01B-4DC7-A025-5DFD92E95139}.Release|Any CPU.Build.0 = Release|Any CPU
		{8541CD47-C01B-4DC7-A025-5DFD92E95139}.Release|Mixed Platforms.ActiveCfg = Release|Any CPU
		{8541CD47-C01B-4DC7-A025-5DFD92E95139}.Release|Mixed Platforms.Build.0 = Release|Any CPU
		{8541CD47-C01B-4DC7-A025-5DFD92E95139}.Release|x86.ActiveCfg = Release|Any CPU
		{8541CD47-C01B-4DC7-A025-5DFD92E95139}.Release|x86.Build.0 = Release|Any CPU
		{D08A0A29-7D32-43EF-A90C-60EF472DA208}.Debug|Any CPU.ActiveCfg = Debug|Any CPU
		{D08A0A29-7D32-43EF-A90C-60EF472DA208}.Debug|Any CPU.Build.0 = Debug|Any CPU
		{D08A0A29-7D32-43EF-A90C-60EF472DA208}.Debug|Mixed Platforms.ActiveCfg = Debug|Any CPU
		{D08A0A29-7D32-43EF-A90C-60EF472DA208}.Debug|Mixed Platforms.Build.0 = Debug|Any CPU
		{D08A0A29-7D32-43EF-A90C-60EF472DA208}.Debug|x86.ActiveCfg = Debug|Any CPU
		{D08A0A29-7D32-43EF-A90C-60EF472DA208}.Debug|x86.Build.0 = Debug|Any CPU
		{D08A0A29-7D32-43EF-A90C-60EF472DA208}.Release|Any CPU.ActiveCfg = Release|Any CPU
		{D08A0A29-7D32-43EF-A90C-60EF472DA208}.Release|Any CPU.Build.0 = Release|Any CPU
		{D08A0A29-7D32-43EF-A90C-60EF472DA208}.Release|Mixed Platforms.ActiveCfg = Release|Any CPU
		{D08A0A29-7D32-43EF-A90C-60EF472DA208}.Release|Mixed Platforms.Build.0 = Release|Any CPU
		{D08A0A29-7D32-43EF-A90C-60EF472DA208}.Release|x86.ActiveCfg = Release|Any CPU
		{D08A0A29-7D32-43EF-A90C-60EF472DA208}.Release|x86.Build.0 = Release|Any CPU
		{95303712-338D-41B2-9A99-E1A0BE5E6955}.Debug|Any CPU.ActiveCfg = Debug|Any CPU
		{95303712-338D-41B2-9A99-E1A0BE5E6955}.Debug|Any CPU.Build.0 = Debug|Any CPU
		{95303712-338D-41B2-9A99-E1A0BE5E6955}.Debug|Mixed Platforms.ActiveCfg = Debug|Any CPU
		{95303712-338D-41B2-9A99-E1A0BE5E6955}.Debug|Mixed Platforms.Build.0 = Debug|Any CPU
		{95303712-338D-41B2-9A99-E1A0BE5E6955}.Debug|x86.ActiveCfg = Debug|Any CPU
		{95303712-338D-41B2-9A99-E1A0BE5E6955}.Debug|x86.Build.0 = Debug|Any CPU
		{95303712-338D-41B2-9A99-E1A0BE5E6955}.Release|Any CPU.ActiveCfg = Release|Any CPU
		{95303712-338D-41B2-9A99-E1A0BE5E6955}.Release|Any CPU.Build.0 = Release|Any CPU
		{95303712-338D-41B2-9A99-E1A0BE5E6955}.Release|Mixed Platforms.ActiveCfg = Release|Any CPU
		{95303712-338D-41B2-9A99-E1A0BE5E6955}.Release|Mixed Platforms.Build.0 = Release|Any CPU
		{95303712-338D-41B2-9A99-E1A0BE5E6955}.Release|x86.ActiveCfg = Release|Any CPU
		{95303712-338D-41B2-9A99-E1A0BE5E6955}.Release|x86.Build.0 = Release|Any CPU
	EndGlobalSection
	GlobalSection(SolutionProperties) = preSolution
		HideSolutionNode = FALSE
	EndGlobalSection
	GlobalSection(ExtensibilityGlobals) = postSolution
		SolutionGuid = {8E39EE1C-E54A-4C66-92D2-D460A1134489}
	EndGlobalSection
EndGlobal
