
Microsoft Visual Studio Solution File, Format Version 11.00
# Visual Studio 2010
Project("{54435603-DBB4-11D2-8724-00A0C9A8B90C}") = "Kame.Setup", "Kame.Setup.vdproj", "{8D1AE056-C50F-4471-9A88-F608FA14C6A7}"
EndProject
Global
	GlobalSection(SolutionConfigurationPlatforms) = preSolution
		Debug|Default = Debug|Default
		Release|Default = Release|Default
	EndGlobalSection
	GlobalSection(ProjectConfigurationPlatforms) = postSolution
		{8D1AE056-C50F-4471-9A88-F608FA14C6A7}.Debug|Default.ActiveCfg = Debug
		{8D1AE056-C50F-4471-9A88-F608FA14C6A7}.Debug|Default.Build.0 = Debug
		{8D1AE056-C50F-4471-9A88-F608FA14C6A7}.Release|Default.ActiveCfg = Release
		{8D1AE056-C50F-4471-9A88-F608FA14C6A7}.Release|Default.Build.0 = Release
	EndGlobalSection
	GlobalSection(SolutionProperties) = preSolution
		HideSolutionNode = FALSE
	EndGlobalSection
EndGlobal
